
Microsoft Visual Studio Solution File, Format Version 12.00
# Visual Studio Version 17
VisualStudioVersion = 17.11.35327.3
MinimumVisualStudioVersion = 10.0.40219.1
Project("{9A19103F-16F7-4668-BE54-9A1E7A4F7556}") = "AirportTicketBookingSystem", "AirportTicketBookingSystem\AirportTicketBookingSystem.csproj", "{A8B19607-EC94-4AB2-822C-28644C9F9E56}"
EndProject
Project("{FAE04EC0-301F-11D3-BF4B-00C04F79EFBC}") = "AirportTicketBookingSystem.Tests", "AirportTicketBookingSystem.Tests\AirportTicketBookingSystem.Tests.csproj", "{C26187C4-9B62-44FF-83EB-A3542C8E36BC}"
EndProject
Global
	GlobalSection(SolutionConfigurationPlatforms) = preSolution
		Debug|Any CPU = Debug|Any CPU
		Release|Any CPU = Release|Any CPU
	EndGlobalSection
	GlobalSection(ProjectConfigurationPlatforms) = postSolution
		{A8B19607-EC94-4AB2-822C-28644C9F9E56}.Debug|Any CPU.ActiveCfg = Debug|Any CPU
		{A8B19607-EC94-4AB2-822C-28644C9F9E56}.Debug|Any CPU.Build.0 = Debug|Any CPU
		{A8B19607-EC94-4AB2-822C-28644C9F9E56}.Release|Any CPU.ActiveCfg = Release|Any CPU
		{A8B19607-EC94-4AB2-822C-28644C9F9E56}.Release|Any CPU.Build.0 = Release|Any CPU
		{C26187C4-9B62-44FF-83EB-A3542C8E36BC}.Debug|Any CPU.ActiveCfg = Debug|Any CPU
		{C26187C4-9B62-44FF-83EB-A3542C8E36BC}.Debug|Any CPU.Build.0 = Debug|Any CPU
		{C26187C4-9B62-44FF-83EB-A3542C8E36BC}.Release|Any CPU.ActiveCfg = Release|Any CPU
		{C26187C4-9B62-44FF-83EB-A3542C8E36BC}.Release|Any CPU.Build.0 = Release|Any CPU
	EndGlobalSection
	GlobalSection(SolutionProperties) = preSolution
		HideSolutionNode = FALSE
	EndGlobalSection
	GlobalSection(ExtensibilityGlobals) = postSolution
		SolutionGuid = {77704853-D1C4-4A20-ADF9-014D0AC16A64}
	EndGlobalSection
EndGlobal
